<?xml version="1.0" encoding="utf-8"?>
<Project ToolsVersion="4.0" xmlns="http://schemas.microsoft.com/developer/msbuild/2003">
  <ItemGroup>
    <Filter Include="Source Files">
      <UniqueIdentifier>{4FC737F1-C7A5-4376-A066-2A32D752A2FF}</UniqueIdentifier>
      <Extensions>cpp;c;cc;cxx;def;odl;idl;hpj;bat;asm;asmx</Extensions>
    </Filter>
    <Filter Include="Header Files">
      <UniqueIdentifier>{93995380-89BD-4b04-88EB-625FBE52EBFB}</UniqueIdentifier>
      <Extensions>h;hh;hpp;hxx;hm;inl;inc;xsd</Extensions>
    </Filter>
    <Filter Include="Resource Files">
      <UniqueIdentifier>{67DA6AB6-F800-4c08-8B7A-83BB121AAD01}</UniqueIdentifier>
      <Extensions>rc;ico;cur;bmp;dlg;rc2;rct;bin;rgs;gif;jpg;jpeg;jpe;resx;tiff;tif;png;wav;mfcribbon-ms</Extensions>
    </Filter>
    <Filter Include="Shaders">
      <UniqueIdentifier>{73fdba97-7a61-4689-9a9d-4409fa06ac16}</UniqueIdentifier>
    </Filter>
    <Filter Include="Source Files\Objects">
      <UniqueIdentifier>{236f4672-61a3-4749-b546-c656b1d043a8}</UniqueIdentifier>
    </Filter>
    <Filter Include="Source Files\DSMathematics">
      <UniqueIdentifier>{0e2aae01-eb45-4211-abeb-aa495cd9f2e5}</UniqueIdentifier>
    </Filter>
    <Filter Include="Source Files\DSGraphics">
      <UniqueIdentifier>{56ddb65b-738f-412f-8383-aa16fe5f8a3c}</UniqueIdentifier>
    </Filter>
  </ItemGroup>
  <ItemGroup>
    <ClCompile Include="Main.cpp">
      <Filter>Source Files</Filter>
    </ClCompile>
    <ClCompile Include="Application.cpp">
      <Filter>Source Files</Filter>
    </ClCompile>
    <ClCompile Include="DSGraphics\Camera.cpp">
      <Filter>Source Files\DSGraphics</Filter>
    </ClCompile>
    <ClCompile Include="DSGraphics\ModelAsset.cpp">
      <Filter>Source Files\DSGraphics</Filter>
    </ClCompile>
    <ClCompile Include="DSGraphics\ModelInstance.cpp">
      <Filter>Source Files\DSGraphics</Filter>
    </ClCompile>
    <ClCompile Include="DSGraphics\Program.cpp">
      <Filter>Source Files\DSGraphics</Filter>
    </ClCompile>
    <ClCompile Include="DSGraphics\Shader.cpp">
      <Filter>Source Files\DSGraphics</Filter>
    </ClCompile>
    <ClCompile Include="DSGraphics\Texture.cpp">
      <Filter>Source Files\DSGraphics</Filter>
    </ClCompile>
    <ClCompile Include="Objects\Environmental.cpp">
      <Filter>Source Files\Objects</Filter>
    </ClCompile>
    <ClCompile Include="DSMathematics\Quaternion.cpp">
      <Filter>Source Files\DSMathematics</Filter>
    </ClCompile>
  </ItemGroup>
  <ItemGroup>
    <None Include="Shaders\ColorOnly.VertexShader">
      <Filter>Shaders</Filter>
    </None>
    <None Include="Shaders\ColorOnly.FragmentShader">
      <Filter>Shaders</Filter>
    </None>
    <None Include="Shaders\TexAndColor.VertexShader">
      <Filter>Shaders</Filter>
    </None>
    <None Include="Shaders\TexAndColor.FragmentShader">
      <Filter>Shaders</Filter>
    </None>
    <None Include="Shaders\TexOnly.FragmentShader">
      <Filter>Shaders</Filter>
    </None>
    <None Include="Shaders\TexOnly.VertexShader">
      <Filter>Shaders</Filter>
    </None>
  </ItemGroup>
  <ItemGroup>
    <ClInclude Include="Application.h">
      <Filter>Source Files</Filter>
    </ClInclude>
    <ClInclude Include="DSGraphics\Camera.h">
      <Filter>Source Files\DSGraphics</Filter>
    </ClInclude>
    <ClInclude Include="DSGraphics\ModelAsset.h">
      <Filter>Source Files\DSGraphics</Filter>
    </ClInclude>
    <ClInclude Include="DSGraphics\ModelInstance.h">
      <Filter>Source Files\DSGraphics</Filter>
    </ClInclude>
    <ClInclude Include="DSGraphics\Program.h">
      <Filter>Source Files\DSGraphics</Filter>
    </ClInclude>
    <ClInclude Include="DSGraphics\Shader.h">
      <Filter>Source Files\DSGraphics</Filter>
    </ClInclude>
    <ClInclude Include="DSGraphics\Texture.h">
      <Filter>Source Files\DSGraphics</Filter>
    </ClInclude>
    <ClInclude Include="Objects\Environmental.h">
      <Filter>Source Files\Objects</Filter>
    </ClInclude>
    <ClInclude Include="DSMathematics\Quaternion.h">
      <Filter>Source Files\DSMathematics</Filter>
    </ClInclude>
  </ItemGroup>
</Project>